// !$*UTF8*$!
{
	archiveVersion = 1;
	classes = {
	};
	objectVersion = 55;
	objects = {

/* Begin PBXBuildFile section */
		4C55034529379F3600699589 /* AppDelegate.swift in Sources */ = {isa = PBXBuildFile; fileRef = 4C55034429379F3600699589 /* AppDelegate.swift */; };
		4C55034729379F3600699589 /* SceneDelegate.swift in Sources */ = {isa = PBXBuildFile; fileRef = 4C55034629379F3600699589 /* SceneDelegate.swift */; };
		4C55034E29379F3900699589 /* Assets.xcassets in Resources */ = {isa = PBXBuildFile; fileRef = 4C55034D29379F3900699589 /* Assets.xcassets */; };
		4C55035129379F3900699589 /* LaunchScreen.storyboard in Resources */ = {isa = PBXBuildFile; fileRef = 4C55034F29379F3900699589 /* LaunchScreen.storyboard */; };
		641E8A1C297DC86500DC3715 /* ServiceViewController.swift in Sources */ = {isa = PBXBuildFile; fileRef = 641E8A1B297DC86500DC3715 /* ServiceViewController.swift */; };
		641E8A1F297DC87600DC3715 /* ServiceView.swift in Sources */ = {isa = PBXBuildFile; fileRef = 641E8A1E297DC87600DC3715 /* ServiceView.swift */; };
		641E8A22297F2B6B00DC3715 /* SeviceViewCell.swift in Sources */ = {isa = PBXBuildFile; fileRef = 641E8A21297F2B6B00DC3715 /* SeviceViewCell.swift */; };
		641E8A27297F72C800DC3715 /* ServiceModel.swift in Sources */ = {isa = PBXBuildFile; fileRef = 641E8A26297F72C800DC3715 /* ServiceModel.swift */; };
		641E8A29297F730900DC3715 /* ServiceViewModel.swift in Sources */ = {isa = PBXBuildFile; fileRef = 641E8A28297F730900DC3715 /* ServiceViewModel.swift */; };
		641E8A2E2980C09800DC3715 /* DateSelectViewController.swift in Sources */ = {isa = PBXBuildFile; fileRef = 641E8A2D2980C09800DC3715 /* DateSelectViewController.swift */; };
		641E8A302980C20500DC3715 /* DateSelectView.swift in Sources */ = {isa = PBXBuildFile; fileRef = 641E8A2F2980C20500DC3715 /* DateSelectView.swift */; };
		641E8A32298170E600DC3715 /* HomeViewModel.swift in Sources */ = {isa = PBXBuildFile; fileRef = 641E8A31298170E600DC3715 /* HomeViewModel.swift */; };
		6422C5FB29B6BAE9004C2B2D /* DateSelectViewModel.swift in Sources */ = {isa = PBXBuildFile; fileRef = 6422C5FA29B6BAE9004C2B2D /* DateSelectViewModel.swift */; };
		6422C5FD29B6BC71004C2B2D /* DefautlsName.swift in Sources */ = {isa = PBXBuildFile; fileRef = 6422C5FC29B6BC71004C2B2D /* DefautlsName.swift */; };
		6439A3D229AAE02100E95399 /* Ext+UIResponder.swift in Sources */ = {isa = PBXBuildFile; fileRef = 6439A3D129AAE02100E95399 /* Ext+UIResponder.swift */; };
		6439A3D429AC57F100E95399 /* DetailsViewModel.swift in Sources */ = {isa = PBXBuildFile; fileRef = 6439A3D329AC57F100E95399 /* DetailsViewModel.swift */; };
		6439A3D829AC58AF00E95399 /* DetailsModel.swift in Sources */ = {isa = PBXBuildFile; fileRef = 6439A3D729AC58AF00E95399 /* DetailsModel.swift */; };
		6439A3DB29AD904600E95399 /* Alert.swift in Sources */ = {isa = PBXBuildFile; fileRef = 6439A3DA29AD904600E95399 /* Alert.swift */; };
		6442CA5229B7BBA3001AA5E7 /* Persistence.swift in Sources */ = {isa = PBXBuildFile; fileRef = 6442CA5129B7BBA3001AA5E7 /* Persistence.swift */; };
		6474A54E2972124100885F2C /* HomeViewController.swift in Sources */ = {isa = PBXBuildFile; fileRef = 6474A54D2972124100885F2C /* HomeViewController.swift */; };
		6474A551297502F800885F2C /* HomeView.swift in Sources */ = {isa = PBXBuildFile; fileRef = 6474A550297502F800885F2C /* HomeView.swift */; };
		6474A5532975033600885F2C /* ConfigurableView.swift in Sources */ = {isa = PBXBuildFile; fileRef = 6474A5522975033600885F2C /* ConfigurableView.swift */; };
		647838CC299332E900E3AEDD /* Networking.swift in Sources */ = {isa = PBXBuildFile; fileRef = 647838CB299332E900E3AEDD /* Networking.swift */; };
		647838CF2993332000E3AEDD /* NetworkingEndPoint.swift in Sources */ = {isa = PBXBuildFile; fileRef = 647838CE2993332000E3AEDD /* NetworkingEndPoint.swift */; };
		647838D12993334700E3AEDD /* NetworkinError.swift in Sources */ = {isa = PBXBuildFile; fileRef = 647838D02993334700E3AEDD /* NetworkinError.swift */; };
		647EE4A629945CA50091722D /* Ext+Color.swift in Sources */ = {isa = PBXBuildFile; fileRef = 647EE4A529945CA50091722D /* Ext+Color.swift */; };
		647EE4A82995F44F0091722D /* Ext+String.swift in Sources */ = {isa = PBXBuildFile; fileRef = 647EE4A72995F44F0091722D /* Ext+String.swift */; };
		647EE4AA299A9DBC0091722D /* SetupModel.swift in Sources */ = {isa = PBXBuildFile; fileRef = 647EE4A9299A9DBC0091722D /* SetupModel.swift */; };
		647EE4AD299DB9340091722D /* DetailsViewController.swift in Sources */ = {isa = PBXBuildFile; fileRef = 647EE4AC299DB9340091722D /* DetailsViewController.swift */; };
		647EE4AF299DB9520091722D /* DetailsView.swift in Sources */ = {isa = PBXBuildFile; fileRef = 647EE4AE299DB9520091722D /* DetailsView.swift */; };
		6480064829AFD4B200092383 /* ReasonModel.swift in Sources */ = {isa = PBXBuildFile; fileRef = 6480064729AFD4B200092383 /* ReasonModel.swift */; };
		64DFF950297CC168006996BF /* ServiceCardView.swift in Sources */ = {isa = PBXBuildFile; fileRef = 64DFF94F297CC168006996BF /* ServiceCardView.swift */; };
/* End PBXBuildFile section */

/* Begin PBXFileReference section */
		4C55034129379F3600699589 /* PoliServices.app */ = {isa = PBXFileReference; explicitFileType = wrapper.application; includeInIndex = 0; path = PoliServices.app; sourceTree = BUILT_PRODUCTS_DIR; };
		4C55034429379F3600699589 /* AppDelegate.swift */ = {isa = PBXFileReference; lastKnownFileType = sourcecode.swift; path = AppDelegate.swift; sourceTree = "<group>"; };
		4C55034629379F3600699589 /* SceneDelegate.swift */ = {isa = PBXFileReference; lastKnownFileType = sourcecode.swift; path = SceneDelegate.swift; sourceTree = "<group>"; };
		4C55034D29379F3900699589 /* Assets.xcassets */ = {isa = PBXFileReference; lastKnownFileType = folder.assetcatalog; path = Assets.xcassets; sourceTree = "<group>"; };
		4C55035029379F3900699589 /* Base */ = {isa = PBXFileReference; lastKnownFileType = file.storyboard; name = Base; path = Base.lproj/LaunchScreen.storyboard; sourceTree = "<group>"; };
		4C55035229379F3900699589 /* Info.plist */ = {isa = PBXFileReference; lastKnownFileType = text.plist.xml; path = Info.plist; sourceTree = "<group>"; };
		641E8A1B297DC86500DC3715 /* ServiceViewController.swift */ = {isa = PBXFileReference; lastKnownFileType = sourcecode.swift; path = ServiceViewController.swift; sourceTree = "<group>"; };
		641E8A1E297DC87600DC3715 /* ServiceView.swift */ = {isa = PBXFileReference; lastKnownFileType = sourcecode.swift; path = ServiceView.swift; sourceTree = "<group>"; };
		641E8A21297F2B6B00DC3715 /* SeviceViewCell.swift */ = {isa = PBXFileReference; lastKnownFileType = sourcecode.swift; path = SeviceViewCell.swift; sourceTree = "<group>"; };
		641E8A26297F72C800DC3715 /* ServiceModel.swift */ = {isa = PBXFileReference; lastKnownFileType = sourcecode.swift; name = ServiceModel.swift; path = ../../../../../ServiceModel.swift; sourceTree = "<group>"; };
		641E8A28297F730900DC3715 /* ServiceViewModel.swift */ = {isa = PBXFileReference; lastKnownFileType = sourcecode.swift; path = ServiceViewModel.swift; sourceTree = "<group>"; };
		641E8A2D2980C09800DC3715 /* DateSelectViewController.swift */ = {isa = PBXFileReference; lastKnownFileType = sourcecode.swift; path = DateSelectViewController.swift; sourceTree = "<group>"; };
		641E8A2F2980C20500DC3715 /* DateSelectView.swift */ = {isa = PBXFileReference; lastKnownFileType = sourcecode.swift; path = DateSelectView.swift; sourceTree = "<group>"; };
		641E8A31298170E600DC3715 /* HomeViewModel.swift */ = {isa = PBXFileReference; lastKnownFileType = sourcecode.swift; path = HomeViewModel.swift; sourceTree = "<group>"; };
		6422C5FA29B6BAE9004C2B2D /* DateSelectViewModel.swift */ = {isa = PBXFileReference; lastKnownFileType = sourcecode.swift; path = DateSelectViewModel.swift; sourceTree = "<group>"; };
		6422C5FC29B6BC71004C2B2D /* DefautlsName.swift */ = {isa = PBXFileReference; lastKnownFileType = sourcecode.swift; path = DefautlsName.swift; sourceTree = "<group>"; };
		6439A3D129AAE02100E95399 /* Ext+UIResponder.swift */ = {isa = PBXFileReference; lastKnownFileType = sourcecode.swift; path = "Ext+UIResponder.swift"; sourceTree = "<group>"; };
		6439A3D329AC57F100E95399 /* DetailsViewModel.swift */ = {isa = PBXFileReference; lastKnownFileType = sourcecode.swift; path = DetailsViewModel.swift; sourceTree = "<group>"; };
		6439A3D729AC58AF00E95399 /* DetailsModel.swift */ = {isa = PBXFileReference; lastKnownFileType = sourcecode.swift; path = DetailsModel.swift; sourceTree = "<group>"; };
		6439A3DA29AD904600E95399 /* Alert.swift */ = {isa = PBXFileReference; lastKnownFileType = sourcecode.swift; path = Alert.swift; sourceTree = "<group>"; };
		6442CA5129B7BBA3001AA5E7 /* Persistence.swift */ = {isa = PBXFileReference; lastKnownFileType = sourcecode.swift; path = Persistence.swift; sourceTree = "<group>"; };
		6474A54D2972124100885F2C /* HomeViewController.swift */ = {isa = PBXFileReference; lastKnownFileType = sourcecode.swift; path = HomeViewController.swift; sourceTree = "<group>"; };
		6474A550297502F800885F2C /* HomeView.swift */ = {isa = PBXFileReference; lastKnownFileType = sourcecode.swift; path = HomeView.swift; sourceTree = "<group>"; };
		6474A5522975033600885F2C /* ConfigurableView.swift */ = {isa = PBXFileReference; lastKnownFileType = sourcecode.swift; path = ConfigurableView.swift; sourceTree = "<group>"; };
		647838CB299332E900E3AEDD /* Networking.swift */ = {isa = PBXFileReference; lastKnownFileType = sourcecode.swift; path = Networking.swift; sourceTree = "<group>"; };
		647838CE2993332000E3AEDD /* NetworkingEndPoint.swift */ = {isa = PBXFileReference; lastKnownFileType = sourcecode.swift; path = NetworkingEndPoint.swift; sourceTree = "<group>"; };
		647838D02993334700E3AEDD /* NetworkinError.swift */ = {isa = PBXFileReference; lastKnownFileType = sourcecode.swift; path = NetworkinError.swift; sourceTree = "<group>"; };
		647EE4A529945CA50091722D /* Ext+Color.swift */ = {isa = PBXFileReference; lastKnownFileType = sourcecode.swift; path = "Ext+Color.swift"; sourceTree = "<group>"; };
		647EE4A72995F44F0091722D /* Ext+String.swift */ = {isa = PBXFileReference; lastKnownFileType = sourcecode.swift; path = "Ext+String.swift"; sourceTree = "<group>"; };
		647EE4A9299A9DBC0091722D /* SetupModel.swift */ = {isa = PBXFileReference; lastKnownFileType = sourcecode.swift; path = SetupModel.swift; sourceTree = "<group>"; };
		647EE4AC299DB9340091722D /* DetailsViewController.swift */ = {isa = PBXFileReference; lastKnownFileType = sourcecode.swift; path = DetailsViewController.swift; sourceTree = "<group>"; };
		647EE4AE299DB9520091722D /* DetailsView.swift */ = {isa = PBXFileReference; lastKnownFileType = sourcecode.swift; path = DetailsView.swift; sourceTree = "<group>"; };
		6480064729AFD4B200092383 /* ReasonModel.swift */ = {isa = PBXFileReference; lastKnownFileType = sourcecode.swift; path = ReasonModel.swift; sourceTree = "<group>"; };
		64DFF94F297CC168006996BF /* ServiceCardView.swift */ = {isa = PBXFileReference; lastKnownFileType = sourcecode.swift; path = ServiceCardView.swift; sourceTree = "<group>"; };
/* End PBXFileReference section */

/* Begin PBXFrameworksBuildPhase section */
		4C55033E29379F3600699589 /* Frameworks */ = {
			isa = PBXFrameworksBuildPhase;
			buildActionMask = 2147483647;
			files = (
			);
			runOnlyForDeploymentPostprocessing = 0;
		};
/* End PBXFrameworksBuildPhase section */

/* Begin PBXGroup section */
		4C55033829379F3600699589 = {
			isa = PBXGroup;
			children = (
				4C55034329379F3600699589 /* PoliServices */,
				4C55034229379F3600699589 /* Products */,
			);
			sourceTree = "<group>";
		};
		4C55034229379F3600699589 /* Products */ = {
			isa = PBXGroup;
			children = (
				4C55034129379F3600699589 /* PoliServices.app */,
			);
			name = Products;
			sourceTree = "<group>";
		};
		4C55034329379F3600699589 /* PoliServices */ = {
			isa = PBXGroup;
			children = (
				6439A3D929AD901B00E95399 /* Extension */,
				6474A54B29720FF000885F2C /* Utility */,
				648E2F372989E8690098F504 /* Networking */,
				641E8A25297F729200DC3715 /* Model */,
				6474A54929720FD300885F2C /* ViewModel */,
				6474A54A29720FDA00885F2C /* View */,
				6474A54829720F2A00885F2C /* Support */,
				4C55035229379F3900699589 /* Info.plist */,
			);
			path = PoliServices;
			sourceTree = "<group>";
		};
		641E8A1A297DC83C00DC3715 /* Service */ = {
			isa = PBXGroup;
			children = (
				641E8A20297E3BDD00DC3715 /* Cell */,
				641E8A1E297DC87600DC3715 /* ServiceView.swift */,
				641E8A1B297DC86500DC3715 /* ServiceViewController.swift */,
			);
			path = Service;
			sourceTree = "<group>";
		};
		641E8A20297E3BDD00DC3715 /* Cell */ = {
			isa = PBXGroup;
			children = (
				641E8A21297F2B6B00DC3715 /* SeviceViewCell.swift */,
			);
			path = Cell;
			sourceTree = "<group>";
		};
		641E8A23297F723400DC3715 /* Service */ = {
			isa = PBXGroup;
			children = (
				641E8A28297F730900DC3715 /* ServiceViewModel.swift */,
			);
			path = Service;
			sourceTree = "<group>";
		};
		641E8A24297F723E00DC3715 /* Home */ = {
			isa = PBXGroup;
			children = (
				641E8A31298170E600DC3715 /* HomeViewModel.swift */,
				6442CA5129B7BBA3001AA5E7 /* Persistence.swift */,
			);
			path = Home;
			sourceTree = "<group>";
		};
		641E8A25297F729200DC3715 /* Model */ = {
			isa = PBXGroup;
			children = (
				6422C5FC29B6BC71004C2B2D /* DefautlsName.swift */,
				6439A3D729AC58AF00E95399 /* DetailsModel.swift */,
				6480064729AFD4B200092383 /* ReasonModel.swift */,
				641E8A26297F72C800DC3715 /* ServiceModel.swift */,
				647EE4A9299A9DBC0091722D /* SetupModel.swift */,
			);
			path = Model;
			sourceTree = "<group>";
		};
		641E8A2A2980BEED00DC3715 /* SelectDate */ = {
			isa = PBXGroup;
			children = (
				641E8A2F2980C20500DC3715 /* DateSelectView.swift */,
				641E8A2D2980C09800DC3715 /* DateSelectViewController.swift */,
			);
			path = SelectDate;
			sourceTree = "<group>";
		};
		6422C5F929B6BA7D004C2B2D /* DateSelect */ = {
			isa = PBXGroup;
			children = (
				6422C5FA29B6BAE9004C2B2D /* DateSelectViewModel.swift */,
			);
			path = DateSelect;
			sourceTree = "<group>";
		};
		6439A3D529AC57FD00E95399 /* DetailsViewModel */ = {
			isa = PBXGroup;
			children = (
				6439A3D329AC57F100E95399 /* DetailsViewModel.swift */,
			);
			path = DetailsViewModel;
			sourceTree = "<group>";
		};
		6439A3D929AD901B00E95399 /* Extension */ = {
			isa = PBXGroup;
			children = (
				647EE4A529945CA50091722D /* Ext+Color.swift */,
				647EE4A72995F44F0091722D /* Ext+String.swift */,
				6439A3D129AAE02100E95399 /* Ext+UIResponder.swift */,
			);
			path = Extension;
			sourceTree = "<group>";
		};
		6474A54829720F2A00885F2C /* Support */ = {
			isa = PBXGroup;
			children = (
				4C55034429379F3600699589 /* AppDelegate.swift */,
				4C55034629379F3600699589 /* SceneDelegate.swift */,
				4C55034D29379F3900699589 /* Assets.xcassets */,
				4C55034F29379F3900699589 /* LaunchScreen.storyboard */,
			);
			path = Support;
			sourceTree = "<group>";
		};
		6474A54929720FD300885F2C /* ViewModel */ = {
			isa = PBXGroup;
			children = (
				6422C5F929B6BA7D004C2B2D /* DateSelect */,
				6439A3D529AC57FD00E95399 /* DetailsViewModel */,
				641E8A24297F723E00DC3715 /* Home */,
				641E8A23297F723400DC3715 /* Service */,
			);
			path = ViewModel;
			sourceTree = "<group>";
		};
		6474A54A29720FDA00885F2C /* View */ = {
			isa = PBXGroup;
			children = (
				647EE4AB299DB90D0091722D /* Details */,
				6474A54C2972122600885F2C /* Home */,
				641E8A2A2980BEED00DC3715 /* SelectDate */,
				641E8A1A297DC83C00DC3715 /* Service */,
			);
			path = View;
			sourceTree = "<group>";
		};
		6474A54B29720FF000885F2C /* Utility */ = {
			isa = PBXGroup;
			children = (
				6439A3DA29AD904600E95399 /* Alert.swift */,
				6474A5522975033600885F2C /* ConfigurableView.swift */,
			);
			path = Utility;
			sourceTree = "<group>";
		};
		6474A54C2972122600885F2C /* Home */ = {
			isa = PBXGroup;
			children = (
				64DFF94E297CC11F006996BF /* Card */,
				6474A550297502F800885F2C /* HomeView.swift */,
				6474A54D2972124100885F2C /* HomeViewController.swift */,
			);
			path = Home;
			sourceTree = "<group>";
		};
		647EE4AB299DB90D0091722D /* Details */ = {
			isa = PBXGroup;
			children = (
				647EE4AC299DB9340091722D /* DetailsViewController.swift */,
				647EE4AE299DB9520091722D /* DetailsView.swift */,
			);
			path = Details;
			sourceTree = "<group>";
		};
		648E2F372989E8690098F504 /* Networking */ = {
			isa = PBXGroup;
			children = (
				647838CB299332E900E3AEDD /* Networking.swift */,
				647838CE2993332000E3AEDD /* NetworkingEndPoint.swift */,
				647838D02993334700E3AEDD /* NetworkinError.swift */,
			);
			path = Networking;
			sourceTree = "<group>";
		};
		64DFF94E297CC11F006996BF /* Card */ = {
			isa = PBXGroup;
			children = (
				64DFF94F297CC168006996BF /* ServiceCardView.swift */,
			);
			path = Card;
			sourceTree = "<group>";
		};
/* End PBXGroup section */

/* Begin PBXNativeTarget section */
		4C55034029379F3600699589 /* PoliServices */ = {
			isa = PBXNativeTarget;
			buildConfigurationList = 4C55035529379F3900699589 /* Build configuration list for PBXNativeTarget "PoliServices" */;
			buildPhases = (
				4C55033D29379F3600699589 /* Sources */,
				4C55033E29379F3600699589 /* Frameworks */,
				4C55033F29379F3600699589 /* Resources */,
			);
			buildRules = (
			);
			dependencies = (
			);
			name = PoliServices;
			productName = PoliServices;
			productReference = 4C55034129379F3600699589 /* PoliServices.app */;
			productType = "com.apple.product-type.application";
		};
/* End PBXNativeTarget section */

/* Begin PBXProject section */
		4C55033929379F3600699589 /* Project object */ = {
			isa = PBXProject;
			attributes = {
				BuildIndependentTargetsInParallel = 1;
				LastSwiftUpdateCheck = 1330;
				LastUpgradeCheck = 1330;
				TargetAttributes = {
					4C55034029379F3600699589 = {
						CreatedOnToolsVersion = 13.3;
						LastSwiftMigration = 1410;
					};
				};
			};
			buildConfigurationList = 4C55033C29379F3600699589 /* Build configuration list for PBXProject "PoliServices" */;
			compatibilityVersion = "Xcode 13.0";
			developmentRegion = en;
			hasScannedForEncodings = 0;
			knownRegions = (
				en,
				Base,
			);
			mainGroup = 4C55033829379F3600699589;
			productRefGroup = 4C55034229379F3600699589 /* Products */;
			projectDirPath = "";
			projectRoot = "";
			targets = (
				4C55034029379F3600699589 /* PoliServices */,
			);
		};
/* End PBXProject section */

/* Begin PBXResourcesBuildPhase section */
		4C55033F29379F3600699589 /* Resources */ = {
			isa = PBXResourcesBuildPhase;
			buildActionMask = 2147483647;
			files = (
				4C55035129379F3900699589 /* LaunchScreen.storyboard in Resources */,
				4C55034E29379F3900699589 /* Assets.xcassets in Resources */,
			);
			runOnlyForDeploymentPostprocessing = 0;
		};
/* End PBXResourcesBuildPhase section */

/* Begin PBXSourcesBuildPhase section */
		4C55033D29379F3600699589 /* Sources */ = {
			isa = PBXSourcesBuildPhase;
			buildActionMask = 2147483647;
			files = (
				641E8A32298170E600DC3715 /* HomeViewModel.swift in Sources */,
				641E8A302980C20500DC3715 /* DateSelectView.swift in Sources */,
				6422C5FB29B6BAE9004C2B2D /* DateSelectViewModel.swift in Sources */,
				647838D12993334700E3AEDD /* NetworkinError.swift in Sources */,
				647EE4A629945CA50091722D /* Ext+Color.swift in Sources */,
				6474A5532975033600885F2C /* ConfigurableView.swift in Sources */,
				641E8A29297F730900DC3715 /* ServiceViewModel.swift in Sources */,
				647EE4A82995F44F0091722D /* Ext+String.swift in Sources */,
				6480064829AFD4B200092383 /* ReasonModel.swift in Sources */,
				641E8A1F297DC87600DC3715 /* ServiceView.swift in Sources */,
				641E8A2E2980C09800DC3715 /* DateSelectViewController.swift in Sources */,
				647838CC299332E900E3AEDD /* Networking.swift in Sources */,
				4C55034529379F3600699589 /* AppDelegate.swift in Sources */,
				6439A3D429AC57F100E95399 /* DetailsViewModel.swift in Sources */,
				6439A3D229AAE02100E95399 /* Ext+UIResponder.swift in Sources */,
				6422C5FD29B6BC71004C2B2D /* DefautlsName.swift in Sources */,
				647EE4AD299DB9340091722D /* DetailsViewController.swift in Sources */,
				641E8A22297F2B6B00DC3715 /* SeviceViewCell.swift in Sources */,
				641E8A1C297DC86500DC3715 /* ServiceViewController.swift in Sources */,
				64DFF950297CC168006996BF /* ServiceCardView.swift in Sources */,
				6474A551297502F800885F2C /* HomeView.swift in Sources */,
				6439A3DB29AD904600E95399 /* Alert.swift in Sources */,
				647838CF2993332000E3AEDD /* NetworkingEndPoint.swift in Sources */,
				647EE4AF299DB9520091722D /* DetailsView.swift in Sources */,
				641E8A27297F72C800DC3715 /* ServiceModel.swift in Sources */,
				647EE4AA299A9DBC0091722D /* SetupModel.swift in Sources */,
				6474A54E2972124100885F2C /* HomeViewController.swift in Sources */,
				6439A3D829AC58AF00E95399 /* DetailsModel.swift in Sources */,
				4C55034729379F3600699589 /* SceneDelegate.swift in Sources */,
				6442CA5229B7BBA3001AA5E7 /* Persistence.swift in Sources */,
			);
			runOnlyForDeploymentPostprocessing = 0;
		};
/* End PBXSourcesBuildPhase section */

/* Begin PBXVariantGroup section */
		4C55034F29379F3900699589 /* LaunchScreen.storyboard */ = {
			isa = PBXVariantGroup;
			children = (
				4C55035029379F3900699589 /* Base */,
			);
			name = LaunchScreen.storyboard;
			sourceTree = "<group>";
		};
/* End PBXVariantGroup section */

/* Begin XCBuildConfiguration section */
		4C55035329379F3900699589 /* Debug */ = {
			isa = XCBuildConfiguration;
			buildSettings = {
				ALWAYS_SEARCH_USER_PATHS = NO;
				CLANG_ANALYZER_NONNULL = YES;
				CLANG_ANALYZER_NUMBER_OBJECT_CONVERSION = YES_AGGRESSIVE;
				CLANG_CXX_LANGUAGE_STANDARD = "gnu++17";
				CLANG_ENABLE_MODULES = YES;
				CLANG_ENABLE_OBJC_ARC = YES;
				CLANG_ENABLE_OBJC_WEAK = YES;
				CLANG_WARN_BLOCK_CAPTURE_AUTORELEASING = YES;
				CLANG_WARN_BOOL_CONVERSION = YES;
				CLANG_WARN_COMMA = YES;
				CLANG_WARN_CONSTANT_CONVERSION = YES;
				CLANG_WARN_DEPRECATED_OBJC_IMPLEMENTATIONS = YES;
				CLANG_WARN_DIRECT_OBJC_ISA_USAGE = YES_ERROR;
				CLANG_WARN_DOCUMENTATION_COMMENTS = YES;
				CLANG_WARN_EMPTY_BODY = YES;
				CLANG_WARN_ENUM_CONVERSION = YES;
				CLANG_WARN_INFINITE_RECURSION = YES;
				CLANG_WARN_INT_CONVERSION = YES;
				CLANG_WARN_NON_LITERAL_NULL_CONVERSION = YES;
				CLANG_WARN_OBJC_IMPLICIT_RETAIN_SELF = YES;
				CLANG_WARN_OBJC_LITERAL_CONVERSION = YES;
				CLANG_WARN_OBJC_ROOT_CLASS = YES_ERROR;
				CLANG_WARN_QUOTED_INCLUDE_IN_FRAMEWORK_HEADER = YES;
				CLANG_WARN_RANGE_LOOP_ANALYSIS = YES;
				CLANG_WARN_STRICT_PROTOTYPES = YES;
				CLANG_WARN_SUSPICIOUS_MOVE = YES;
				CLANG_WARN_UNGUARDED_AVAILABILITY = YES_AGGRESSIVE;
				CLANG_WARN_UNREACHABLE_CODE = YES;
				CLANG_WARN__DUPLICATE_METHOD_MATCH = YES;
				COPY_PHASE_STRIP = NO;
				DEBUG_INFORMATION_FORMAT = dwarf;
				ENABLE_STRICT_OBJC_MSGSEND = YES;
				ENABLE_TESTABILITY = YES;
				GCC_C_LANGUAGE_STANDARD = gnu11;
				GCC_DYNAMIC_NO_PIC = NO;
				GCC_NO_COMMON_BLOCKS = YES;
				GCC_OPTIMIZATION_LEVEL = 0;
				GCC_PREPROCESSOR_DEFINITIONS = (
					"DEBUG=1",
					"$(inherited)",
				);
				GCC_WARN_64_TO_32_BIT_CONVERSION = YES;
				GCC_WARN_ABOUT_RETURN_TYPE = YES_ERROR;
				GCC_WARN_UNDECLARED_SELECTOR = YES;
				GCC_WARN_UNINITIALIZED_AUTOS = YES_AGGRESSIVE;
				GCC_WARN_UNUSED_FUNCTION = YES;
				GCC_WARN_UNUSED_VARIABLE = YES;
				IPHONEOS_DEPLOYMENT_TARGET = 15.4;
				MTL_ENABLE_DEBUG_INFO = INCLUDE_SOURCE;
				MTL_FAST_MATH = YES;
				ONLY_ACTIVE_ARCH = YES;
				SDKROOT = iphoneos;
				SWIFT_ACTIVE_COMPILATION_CONDITIONS = DEBUG;
				SWIFT_OPTIMIZATION_LEVEL = "-Onone";
			};
			name = Debug;
		};
		4C55035429379F3900699589 /* Release */ = {
			isa = XCBuildConfiguration;
			buildSettings = {
				ALWAYS_SEARCH_USER_PATHS = NO;
				CLANG_ANALYZER_NONNULL = YES;
				CLANG_ANALYZER_NUMBER_OBJECT_CONVERSION = YES_AGGRESSIVE;
				CLANG_CXX_LANGUAGE_STANDARD = "gnu++17";
				CLANG_ENABLE_MODULES = YES;
				CLANG_ENABLE_OBJC_ARC = YES;
				CLANG_ENABLE_OBJC_WEAK = YES;
				CLANG_WARN_BLOCK_CAPTURE_AUTORELEASING = YES;
				CLANG_WARN_BOOL_CONVERSION = YES;
				CLANG_WARN_COMMA = YES;
				CLANG_WARN_CONSTANT_CONVERSION = YES;
				CLANG_WARN_DEPRECATED_OBJC_IMPLEMENTATIONS = YES;
				CLANG_WARN_DIRECT_OBJC_ISA_USAGE = YES_ERROR;
				CLANG_WARN_DOCUMENTATION_COMMENTS = YES;
				CLANG_WARN_EMPTY_BODY = YES;
				CLANG_WARN_ENUM_CONVERSION = YES;
				CLANG_WARN_INFINITE_RECURSION = YES;
				CLANG_WARN_INT_CONVERSION = YES;
				CLANG_WARN_NON_LITERAL_NULL_CONVERSION = YES;
				CLANG_WARN_OBJC_IMPLICIT_RETAIN_SELF = YES;
				CLANG_WARN_OBJC_LITERAL_CONVERSION = YES;
				CLANG_WARN_OBJC_ROOT_CLASS = YES_ERROR;
				CLANG_WARN_QUOTED_INCLUDE_IN_FRAMEWORK_HEADER = YES;
				CLANG_WARN_RANGE_LOOP_ANALYSIS = YES;
				CLANG_WARN_STRICT_PROTOTYPES = YES;
				CLANG_WARN_SUSPICIOUS_MOVE = YES;
				CLANG_WARN_UNGUARDED_AVAILABILITY = YES_AGGRESSIVE;
				CLANG_WARN_UNREACHABLE_CODE = YES;
				CLANG_WARN__DUPLICATE_METHOD_MATCH = YES;
				COPY_PHASE_STRIP = NO;
				DEBUG_INFORMATION_FORMAT = "dwarf-with-dsym";
				ENABLE_NS_ASSERTIONS = NO;
				ENABLE_STRICT_OBJC_MSGSEND = YES;
				GCC_C_LANGUAGE_STANDARD = gnu11;
				GCC_NO_COMMON_BLOCKS = YES;
				GCC_WARN_64_TO_32_BIT_CONVERSION = YES;
				GCC_WARN_ABOUT_RETURN_TYPE = YES_ERROR;
				GCC_WARN_UNDECLARED_SELECTOR = YES;
				GCC_WARN_UNINITIALIZED_AUTOS = YES_AGGRESSIVE;
				GCC_WARN_UNUSED_FUNCTION = YES;
				GCC_WARN_UNUSED_VARIABLE = YES;
				IPHONEOS_DEPLOYMENT_TARGET = 15.4;
				MTL_ENABLE_DEBUG_INFO = NO;
				MTL_FAST_MATH = YES;
				SDKROOT = iphoneos;
				SWIFT_COMPILATION_MODE = wholemodule;
				SWIFT_OPTIMIZATION_LEVEL = "-O";
				VALIDATE_PRODUCT = YES;
			};
			name = Release;
		};
		4C55035629379F3900699589 /* Debug */ = {
			isa = XCBuildConfiguration;
			buildSettings = {
				ASSETCATALOG_COMPILER_APPICON_NAME = AppIcon;
				ASSETCATALOG_COMPILER_GLOBAL_ACCENT_COLOR_NAME = AccentColor;
				CLANG_ENABLE_MODULES = YES;
				CODE_SIGN_STYLE = Automatic;
				CURRENT_PROJECT_VERSION = 1;
				DEVELOPMENT_TEAM = BF2YF4NNR9;
				GENERATE_INFOPLIST_FILE = YES;
				INFOPLIST_FILE = PoliServices/Info.plist;
				INFOPLIST_KEY_CFBundleDisplayName = "Poli Services";
				INFOPLIST_KEY_UIApplicationSupportsIndirectInputEvents = YES;
				INFOPLIST_KEY_UILaunchStoryboardName = LaunchScreen.storyboard;
				INFOPLIST_KEY_UIStatusBarStyle = UIStatusBarStyleLightContent;
				INFOPLIST_KEY_UISupportedInterfaceOrientations = UIInterfaceOrientationPortrait;
				INFOPLIST_KEY_UIUserInterfaceStyle = Light;
				IPHONEOS_DEPLOYMENT_TARGET = 12.4;
				LD_RUNPATH_SEARCH_PATHS = (
					"$(inherited)",
					"@executable_path/Frameworks",
				);
				MARKETING_VERSION = 1.0;
				PRODUCT_BUNDLE_IDENTIFIER = com.devpoli.PoliServices;
				PRODUCT_NAME = "$(TARGET_NAME)";
				SWIFT_EMIT_LOC_STRINGS = YES;
				SWIFT_OBJC_BRIDGING_HEADER = "";
				SWIFT_OPTIMIZATION_LEVEL = "-Onone";
				SWIFT_VERSION = 5.0;
				TARGETED_DEVICE_FAMILY = "1,2";
			};
			name = Debug;
		};
		4C55035729379F3900699589 /* Release */ = {
			isa = XCBuildConfiguration;
			buildSettings = {
				ASSETCATALOG_COMPILER_APPICON_NAME = AppIcon;
				ASSETCATALOG_COMPILER_GLOBAL_ACCENT_COLOR_NAME = AccentColor;
				CLANG_ENABLE_MODULES = YES;
				CODE_SIGN_STYLE = Automatic;
				CURRENT_PROJECT_VERSION = 1;
				DEVELOPMENT_TEAM = BF2YF4NNR9;
				GENERATE_INFOPLIST_FILE = YES;
				INFOPLIST_FILE = PoliServices/Info.plist;
				INFOPLIST_KEY_CFBundleDisplayName = "Poli Services";
				INFOPLIST_KEY_UIApplicationSupportsIndirectInputEvents = YES;
				INFOPLIST_KEY_UILaunchStoryboardName = LaunchScreen.storyboard;
				INFOPLIST_KEY_UIStatusBarStyle = UIStatusBarStyleLightContent;
				INFOPLIST_KEY_UISupportedInterfaceOrientations = UIInterfaceOrientationPortrait;
				INFOPLIST_KEY_UIUserInterfaceStyle = Light;
				IPHONEOS_DEPLOYMENT_TARGET = 12.4;
				LD_RUNPATH_SEARCH_PATHS = (
					"$(inherited)",
					"@executable_path/Frameworks",
				);
				MARKETING_VERSION = 1.0;
				PRODUCT_BUNDLE_IDENTIFIER = com.devpoli.PoliServices;
				PRODUCT_NAME = "$(TARGET_NAME)";
				SWIFT_EMIT_LOC_STRINGS = YES;
				SWIFT_OBJC_BRIDGING_HEADER = "";
				SWIFT_VERSION = 5.0;
				TARGETED_DEVICE_FAMILY = "1,2";
			};
			name = Release;
		};
/* End XCBuildConfiguration section */

/* Begin XCConfigurationList section */
		4C55033C29379F3600699589 /* Build configuration list for PBXProject "PoliServices" */ = {
			isa = XCConfigurationList;
			buildConfigurations = (
				4C55035329379F3900699589 /* Debug */,
				4C55035429379F3900699589 /* Release */,
			);
			defaultConfigurationIsVisible = 0;
			defaultConfigurationName = Release;
		};
		4C55035529379F3900699589 /* Build configuration list for PBXNativeTarget "PoliServices" */ = {
			isa = XCConfigurationList;
			buildConfigurations = (
				4C55035629379F3900699589 /* Debug */,
				4C55035729379F3900699589 /* Release */,
			);
			defaultConfigurationIsVisible = 0;
			defaultConfigurationName = Release;
		};
/* End XCConfigurationList section */
	};
	rootObject = 4C55033929379F3600699589 /* Project object */;
}
